
Microsoft Visual Studio Solution File, Format Version 12.00
# Visual Studio Version 17
VisualStudioVersion = 17.0.31903.59
MinimumVisualStudioVersion = 10.0.40219.1
Project("{FAE04EC0-301F-11D3-BF4B-00C04F79EFBC}") = "SequencerProj", "SequencerProj\SequencerProj.csproj", "{43E938AA-27ED-4615-8B7E-38CBFA3BCA6F}"
EndProject
Project("{FAE04EC0-301F-11D3-BF4B-00C04F79EFBC}") = "SequenceDataModel", "..\SequenceDataModel\SequenceDataModel.csproj", "{F2C5E1E9-F9AA-44EF-A254-616D0D134624}"
EndProject
Global
	GlobalSection(SolutionConfigurationPlatforms) = preSolution
		Debug|Any CPU = Debug|Any CPU
		Release|Any CPU = Release|Any CPU
	EndGlobalSection
	GlobalSection(ProjectConfigurationPlatforms) = postSolution
		{43E938AA-27ED-4615-8B7E-38CBFA3BCA6F}.Debug|Any CPU.ActiveCfg = Debug|Any CPU
		{43E938AA-27ED-4615-8B7E-38CBFA3BCA6F}.Debug|Any CPU.Build.0 = Debug|Any CPU
		{43E938AA-27ED-4615-8B7E-38CBFA3BCA6F}.Release|Any CPU.ActiveCfg = Release|Any CPU
		{43E938AA-27ED-4615-8B7E-38CBFA3BCA6F}.Release|Any CPU.Build.0 = Release|Any CPU
		{F2C5E1E9-F9AA-44EF-A254-616D0D134624}.Debug|Any CPU.ActiveCfg = Debug|Any CPU
		{F2C5E1E9-F9AA-44EF-A254-616D0D134624}.Debug|Any CPU.Build.0 = Debug|Any CPU
		{F2C5E1E9-F9AA-44EF-A254-616D0D134624}.Release|Any CPU.ActiveCfg = Release|Any CPU
		{F2C5E1E9-F9AA-44EF-A254-616D0D134624}.Release|Any CPU.Build.0 = Release|Any CPU
	EndGlobalSection
	GlobalSection(SolutionProperties) = preSolution
		HideSolutionNode = FALSE
	EndGlobalSection
	GlobalSection(ExtensibilityGlobals) = postSolution
		SolutionGuid = {268FE3DC-688D-4C31-A600-A116B0302C07}
	EndGlobalSection
EndGlobal
